<Project xmlns="http://schemas.microsoft.com/developer/msbuild/2003">
  <PropertyGroup>
    <ProjectGuid>{02f78f6c-75a1-4f30-b575-7c00623b74eb}</ProjectGuid>
    <Configuration Condition=" '$(Configuration)' == '' ">Debug</Configuration>
    <Platform Condition=" '$(Platform)' == '' ">AnyCPU</Platform>
    <DCC_DCCCompiler>DCC32</DCC_DCCCompiler>
    <DCC_DependencyCheckOutputName>Currency.exe</DCC_DependencyCheckOutputName>
    <MainSource>Currency.dpr</MainSource>
  </PropertyGroup>
  <PropertyGroup Condition=" '$(Configuration)|$(Platform)' == 'Release|AnyCPU' ">
    <Version>7.0</Version>
    <DCC_DebugInformation>False</DCC_DebugInformation>
    <DCC_LocalDebugSymbols>False</DCC_LocalDebugSymbols>
    <DCC_SymbolReferenceInfo>0</DCC_SymbolReferenceInfo>
    <DCC_Define>RELEASE</DCC_Define>
  </PropertyGroup>
  <PropertyGroup Condition=" '$(Configuration)|$(Platform)' == 'Debug|AnyCPU' ">
    <Version>7.0</Version>
    <DCC_Define>DEBUG</DCC_Define>
  </PropertyGroup>
  <ProjectExtensions>
    <Borland.Personality>Delphi.Personality</Borland.Personality>
    <Borland.ProjectType />
    <BorlandProject>
<BorlandProject xmlns=""> <Delphi.Personality>   <Parameters>
      <Parameters Name="UseLauncher">False</Parameters>
      <Parameters Name="LoadAllSymbols">True</Parameters>
      <Parameters Name="LoadUnspecifiedSymbols">False</Parameters>
    </Parameters>
    <VersionInfo>
      <VersionInfo Name="IncludeVerInfo">False</VersionInfo>
      <VersionInfo Name="AutoIncBuild">False</VersionInfo>
      <VersionInfo Name="MajorVer">1</VersionInfo>
      <VersionInfo Name="MinorVer">0</VersionInfo>
      <VersionInfo Name="Release">0</VersionInfo>
      <VersionInfo Name="Build">0</VersionInfo>
      <VersionInfo Name="Debug">False</VersionInfo>
      <VersionInfo Name="PreRelease">False</VersionInfo>
      <VersionInfo Name="Special">False</VersionInfo>
      <VersionInfo Name="Private">False</VersionInfo>
      <VersionInfo Name="DLL">False</VersionInfo>
      <VersionInfo Name="Locale">5129</VersionInfo>
      <VersionInfo Name="CodePage">1252</VersionInfo>
    </VersionInfo>
    <VersionInfoKeys>
      <VersionInfoKeys Name="CompanyName"></VersionInfoKeys>
      <VersionInfoKeys Name="FileDescription"></VersionInfoKeys>
      <VersionInfoKeys Name="FileVersion">1.0.0.0</VersionInfoKeys>
      <VersionInfoKeys Name="InternalName"></VersionInfoKeys>
      <VersionInfoKeys Name="LegalCopyright"></VersionInfoKeys>
      <VersionInfoKeys Name="LegalTrademarks"></VersionInfoKeys>
      <VersionInfoKeys Name="OriginalFilename"></VersionInfoKeys>
      <VersionInfoKeys Name="ProductName"></VersionInfoKeys>
      <VersionInfoKeys Name="ProductVersion">1.0.0.0</VersionInfoKeys>
      <VersionInfoKeys Name="Comments"></VersionInfoKeys>
    </VersionInfoKeys>
    <Excluded_Packages>
      
      
      
      
      
      
      
      
      
      
      
      
      
      
      
      
      
      
      
      
      
      
      
      
      
      
      
      
      
      
      
      
      
      
      
      
      
      
      
      
      
      
      
      
      
      
      
      
      
      
      
      
      
      
      
      
      
      
      
      
      
      
      
      
      
      
      
      
      
      
      
      
      
      
      
      
      <Excluded_Packages Name="C:\Documents and Settings\All Users\Documents\RAD Studio\5.0\Bpl\JclBaseExpert110.bpl">JCL Package containing common units for JCL Experts</Excluded_Packages>
      <Excluded_Packages Name="C:\Documents and Settings\All Users\Documents\RAD Studio\5.0\Bpl\JclDebugExpert110.bpl">JCL Debug IDE extension</Excluded_Packages>
      <Excluded_Packages Name="C:\Documents and Settings\All Users\Documents\RAD Studio\5.0\Bpl\JclFavoriteFoldersExpert110.bpl">JCL Open and Save IDE dialogs with favorite folders</Excluded_Packages>
      <Excluded_Packages Name="C:\Documents and Settings\All Users\Documents\RAD Studio\5.0\Bpl\JclProjectAnalysisExpert110.bpl">JCL Project Analyzer</Excluded_Packages>
      <Excluded_Packages Name="C:\Documents and Settings\All Users\Documents\RAD Studio\5.0\Bpl\JclRepositoryExpert110.bpl">JCL Package containing repository wizards</Excluded_Packages>
      <Excluded_Packages Name="C:\Documents and Settings\All Users\Documents\RAD Studio\5.0\Bpl\JclSIMDViewExpert110.bpl">JCL Debug Window of XMM registers</Excluded_Packages>
      <Excluded_Packages Name="C:\Documents and Settings\All Users\Documents\RAD Studio\5.0\Bpl\JclStackTraceViewerExpert110.bpl">JCL Stack Trace Viewer</Excluded_Packages>
      <Excluded_Packages Name="C:\Documents and Settings\All Users\Documents\RAD Studio\5.0\Bpl\JclVersionControlExpert110.bpl">JCL Integration of version control systems in the IDE</Excluded_Packages>
      <Excluded_Packages Name="C:\Documents and Settings\All Users\Documents\RAD Studio\5.0\Bpl\JvCoreDesign110.bpl">JVCL Core Components</Excluded_Packages>
      <Excluded_Packages Name="C:\Documents and Settings\All Users\Documents\RAD Studio\5.0\Bpl\JvSystemDesign110.bpl">JVCL System Components</Excluded_Packages>
      <Excluded_Packages Name="C:\Documents and Settings\All Users\Documents\RAD Studio\5.0\Bpl\JvStdCtrlsDesign110.bpl">JVCL Standard Controls</Excluded_Packages>
      <Excluded_Packages Name="C:\Documents and Settings\All Users\Documents\RAD Studio\5.0\Bpl\JvControlsDesign110.bpl">JVCL Visual Controls</Excluded_Packages>
      <Excluded_Packages Name="C:\Documents and Settings\All Users\Documents\RAD Studio\5.0\Bpl\JvCmpDesign110.bpl">JVCL Non-Visual Components</Excluded_Packages>
      <Excluded_Packages Name="C:\Documents and Settings\All Users\Documents\RAD Studio\5.0\Bpl\JvCustomDesign110.bpl">JVCL Custom Controls</Excluded_Packages>
      <Excluded_Packages Name="C:\Documents and Settings\All Users\Documents\RAD Studio\5.0\Bpl\JvDlgsDesign110.bpl">JVCL Dialog Components</Excluded_Packages>
      <Excluded_Packages Name="C:\Documents and Settings\All Users\Documents\RAD Studio\5.0\Bpl\JvCryptDesign110.bpl">JVCL Encryption and Compression</Excluded_Packages>
      <Excluded_Packages Name="C:\Documents and Settings\All Users\Documents\RAD Studio\5.0\Bpl\JvMMDesign110.bpl">JVCL Multimedia and Image Components</Excluded_Packages>
      <Excluded_Packages Name="C:\Documents and Settings\All Users\Documents\RAD Studio\5.0\Bpl\JvNetDesign110.bpl">JVCL Network Components</Excluded_Packages>
      <Excluded_Packages Name="C:\Documents and Settings\All Users\Documents\RAD Studio\5.0\Bpl\JvAppFrmDesign110.bpl">JVCL Application and Form Components</Excluded_Packages>
      <Excluded_Packages Name="C:\Documents and Settings\All Users\Documents\RAD Studio\5.0\Bpl\JvDBDesign110.bpl">JVCL Database Components</Excluded_Packages>
      <Excluded_Packages Name="C:\Documents and Settings\All Users\Documents\RAD Studio\5.0\Bpl\JvBDEDesign110.bpl">JVCL BDE Components</Excluded_Packages>
      <Excluded_Packages Name="C:\Documents and Settings\All Users\Documents\RAD Studio\5.0\Bpl\JvPascalInterpreterDesign110.bpl">JVCL Interpreter Components</Excluded_Packages>
      <Excluded_Packages Name="C:\Documents and Settings\All Users\Documents\RAD Studio\5.0\Bpl\JvBandsDesign110.bpl">JVCL Band Objects</Excluded_Packages>
      <Excluded_Packages Name="C:\Documents and Settings\All Users\Documents\RAD Studio\5.0\Bpl\JvPluginSystemDesign110.bpl">JVCL Plugin Components</Excluded_Packages>
      <Excluded_Packages Name="C:\Documents and Settings\All Users\Documents\RAD Studio\5.0\Bpl\JvJansDesign110.bpl">JVCL Jans Components</Excluded_Packages>
      <Excluded_Packages Name="C:\Documents and Settings\All Users\Documents\RAD Studio\5.0\Bpl\JvGlobusDesign110.bpl">JVCL Globus Components</Excluded_Packages>
      <Excluded_Packages Name="C:\Documents and Settings\All Users\Documents\RAD Studio\5.0\Bpl\JvPrintPreviewDesign110.bpl">JVCL Print Preview Components</Excluded_Packages>
      <Excluded_Packages Name="C:\Documents and Settings\All Users\Documents\RAD Studio\5.0\Bpl\JvPageCompsDesign110.bpl">JVCL Page Style Components</Excluded_Packages>
      <Excluded_Packages Name="C:\Documents and Settings\All Users\Documents\RAD Studio\5.0\Bpl\JvWizardsDesign110.bpl">JVCL Wizard</Excluded_Packages>
      <Excluded_Packages Name="C:\Documents and Settings\All Users\Documents\RAD Studio\5.0\Bpl\JvTimeFrameworkDesign110.bpl">JVCL Time Framework</Excluded_Packages>
      <Excluded_Packages Name="C:\Documents and Settings\All Users\Documents\RAD Studio\5.0\Bpl\JvHMIDesign110.bpl">JVCL HMI Controls</Excluded_Packages>
      <Excluded_Packages Name="C:\Documents and Settings\All Users\Documents\RAD Studio\5.0\Bpl\JvManagedThreadsDesign110.bpl">JVCL Managed Threads</Excluded_Packages>
      <Excluded_Packages Name="C:\Documents and Settings\All Users\Documents\RAD Studio\5.0\Bpl\JvXPCtrlsDesign110.bpl">JVCL XP Controls</Excluded_Packages>
      <Excluded_Packages Name="C:\Documents and Settings\All Users\Documents\RAD Studio\5.0\Bpl\JvDockingDesign110.bpl">JVCL Docking Components</Excluded_Packages>
      <Excluded_Packages Name="C:\Documents and Settings\All Users\Documents\RAD Studio\5.0\Bpl\JvDotNetCtrlsDesign110.bpl">JVCL DotNet Controls</Excluded_Packages>
      <Excluded_Packages Name="C:\Documents and Settings\All Users\Documents\RAD Studio\5.0\Bpl\JvRuntimeDesignDesign110.bpl">JVCL Runtime Design Components</Excluded_Packages>
      <Excluded_Packages Name="$(BDS)\bin\dclofficexp100.bpl">Microsoft Office XP Sample Automation Server Wrapper Components</Excluded_Packages>
      <Excluded_Packages Name="$(BDS)\bin\dcloffice2k100.bpl">Microsoft Office 2000 Sample Automation Server Wrapper Components</Excluded_Packages>
    </Excluded_Packages>
    <Source>
      <Source Name="MainSource">Currency.dpr</Source>
    </Source>
  </Delphi.Personality> </BorlandProject></BorlandProject>
  </ProjectExtensions>
  <ItemGroup />
  <ItemGroup>
    <DelphiCompile Include="Currency.dpr">
      <MainSource>MainSource</MainSource>
    </DelphiCompile>
    <DCCReference Include="fCurrency.pas">
      <Form>Form1</Form>
    </DCCReference>
  </ItemGroup>
  <Import Project="$(MSBuildBinPath)\Borland.Delphi.Targets" />
</Project>